
Microsoft Visual Studio Solution File, Format Version 12.00
# Visual Studio 15
VisualStudioVersion = 15.0.28307.902
MinimumVisualStudioVersion = 10.0.40219.1
Project("{FAE04EC0-301F-11D3-BF4B-00C04F79EFBC}") = "Explorer", "Explorer\Explorer.csproj", "{58C57052-E497-4679-8C73-416C8ABC08EA}"
EndProject
Project("{FAE04EC0-301F-11D3-BF4B-00C04F79EFBC}") = "BL", "BL\BL.csproj", "{5250286B-7EC9-4E8A-8274-CE77C601AB84}"
EndProject
Global
	GlobalSection(SolutionConfigurationPlatforms) = preSolution
		Debug|Any CPU = Debug|Any CPU
		Release|Any CPU = Release|Any CPU
	EndGlobalSection
	GlobalSection(ProjectConfigurationPlatforms) = postSolution
		{58C57052-E497-4679-8C73-416C8ABC08EA}.Debug|Any CPU.ActiveCfg = Debug|Any CPU
		{58C57052-E497-4679-8C73-416C8ABC08EA}.Debug|Any CPU.Build.0 = Debug|Any CPU
		{58C57052-E497-4679-8C73-416C8ABC08EA}.Release|Any CPU.ActiveCfg = Release|Any CPU
		{58C57052-E497-4679-8C73-416C8ABC08EA}.Release|Any CPU.Build.0 = Release|Any CPU
		{5250286B-7EC9-4E8A-8274-CE77C601AB84}.Debug|Any CPU.ActiveCfg = Debug|Any CPU
		{5250286B-7EC9-4E8A-8274-CE77C601AB84}.Debug|Any CPU.Build.0 = Debug|Any CPU
		{5250286B-7EC9-4E8A-8274-CE77C601AB84}.Release|Any CPU.ActiveCfg = Release|Any CPU
		{5250286B-7EC9-4E8A-8274-CE77C601AB84}.Release|Any CPU.Build.0 = Release|Any CPU
	EndGlobalSection
	GlobalSection(SolutionProperties) = preSolution
		HideSolutionNode = FALSE
	EndGlobalSection
	GlobalSection(ExtensibilityGlobals) = postSolution
		SolutionGuid = {2CCA3BFC-38F7-4CB8-8E16-F3494E229755}
	EndGlobalSection
EndGlobal
